
Microsoft Visual Studio Solution File, Format Version 12.00
# Visual Studio Version 17
VisualStudioVersion = 17.3.32825.248
MinimumVisualStudioVersion = 10.0.40219.1
Project("{FAE04EC0-301F-11D3-BF4B-00C04F79EFBC}") = "AccessLibreria", "AccessLibreria\AccessLibreria.csproj", "{6497C33D-BBCD-4CDB-9879-597F1E722347}"
EndProject
Global
	GlobalSection(SolutionConfigurationPlatforms) = preSolution
		Debug|Any CPU = Debug|Any CPU
		Release|Any CPU = Release|Any CPU
	EndGlobalSection
	GlobalSection(ProjectConfigurationPlatforms) = postSolution
		{6497C33D-BBCD-4CDB-9879-597F1E722347}.Debug|Any CPU.ActiveCfg = Debug|Any CPU
		{6497C33D-BBCD-4CDB-9879-597F1E722347}.Debug|Any CPU.Build.0 = Debug|Any CPU
		{6497C33D-BBCD-4CDB-9879-597F1E722347}.Release|Any CPU.ActiveCfg = Release|Any CPU
		{6497C33D-BBCD-4CDB-9879-597F1E722347}.Release|Any CPU.Build.0 = Release|Any CPU
	EndGlobalSection
	GlobalSection(SolutionProperties) = preSolution
		HideSolutionNode = FALSE
	EndGlobalSection
	GlobalSection(ExtensibilityGlobals) = postSolution
		SolutionGuid = {2619A9FF-7C8E-4D5E-AD4E-78FB501C61B6}
	EndGlobalSection
EndGlobal
